
Microsoft Visual Studio Solution File, Format Version 12.00
# Visual Studio Version 16
VisualStudioVersion = 16.0.30621.155
MinimumVisualStudioVersion = 10.0.40219.1
Project("{FAE04EC0-301F-11D3-BF4B-00C04F79EFBC}") = "RecipeManager", "RecipeManager\RecipeManager.csproj", "{B195A5FA-E423-40D3-AF2B-6A2B62C63217}"
EndProject
Global
	GlobalSection(SolutionConfigurationPlatforms) = preSolution
		Debug|Any CPU = Debug|Any CPU
		Release|Any CPU = Release|Any CPU
	EndGlobalSection
	GlobalSection(ProjectConfigurationPlatforms) = postSolution
		{B195A5FA-E423-40D3-AF2B-6A2B62C63217}.Debug|Any CPU.ActiveCfg = Debug|Any CPU
		{B195A5FA-E423-40D3-AF2B-6A2B62C63217}.Debug|Any CPU.Build.0 = Debug|Any CPU
		{B195A5FA-E423-40D3-AF2B-6A2B62C63217}.Release|Any CPU.ActiveCfg = Release|Any CPU
		{B195A5FA-E423-40D3-AF2B-6A2B62C63217}.Release|Any CPU.Build.0 = Release|Any CPU
	EndGlobalSection
	GlobalSection(SolutionProperties) = preSolution
		HideSolutionNode = FALSE
	EndGlobalSection
	GlobalSection(ExtensibilityGlobals) = postSolution
		SolutionGuid = {2C4260B9-BFF2-47F8-9A66-9F417671745E}
	EndGlobalSection
EndGlobal
